{
  "name": "effect-http-server",
  "lockfileVersion": 3,
  "requires": true,
  "packages": {
    "": {
      "name": "effect-http-server",
      "dependencies": {
        "effect": "^3.2.3",
        "effect-http": "^0.67.1"
      },
      "devDependencies": {
        "@types/bun": "latest"
      },
      "peerDependencies": {
        "typescript": "^5.0.0"
      }
    },
    "node_modules/@effect/platform": {
      "version": "0.53.14",
      "resolved": "https://registry.npmjs.org/@effect/platform/-/platform-0.53.14.tgz",
      "integrity": "sha512-i8RKR4eE4FwJBegwvUuyvJ1FfT3q0RMnJ5/T0FLEwlnOXCTzjBf/VAtFGMFeECcDFhlLdvjvMxevHjei/fd+Iw==",
      "peer": true,
      "dependencies": {
        "find-my-way-ts": "^0.1.2",
        "multipasta": "^0.2.1",
        "path-browserify": "^1.0.1"
      },
      "peerDependencies": {
        "@effect/schema": "^0.67.11",
        "effect": "^3.2.3"
      }
    },
    "node_modules/@effect/schema": {
      "version": "0.67.11",
      "resolved": "https://registry.npmjs.org/@effect/schema/-/schema-0.67.11.tgz",
      "integrity": "sha512-khpzzYpsnIIGfI4Ac+EsUF+E6uZ78eJ+EatKHyfFOLGDEZMX2w5/z0R4bHISzFqiwObcuZEUT7KwFZdFZWrDJA==",
      "peer": true,
      "dependencies": {
        "fast-check": "^3.17.2"
      },
      "peerDependencies": {
        "effect": "^3.2.3"
      }
    },
    "node_modules/@types/bun": {
      "version": "1.1.2",
      "resolved": "https://registry.npmjs.org/@types/bun/-/bun-1.1.2.tgz",
      "integrity": "sha512-pRBDD3EDqPf83qe95i3EpYu5G2J8bbb78a3736vnCm2K8YWtEE5cvJUq2jkKvJhW07YTfQtbImywIwRhWL8z3Q==",
      "dev": true,
      "dependencies": {
        "bun-types": "1.1.8"
      }
    },
    "node_modules/@types/node": {
      "version": "20.12.12",
      "dev": true,
      "license": "MIT",
      "dependencies": {
        "undici-types": "~5.26.4"
      }
    },
    "node_modules/@types/ws": {
      "version": "8.5.10",
      "dev": true,
      "license": "MIT",
      "dependencies": {
        "@types/node": "*"
      }
    },
    "node_modules/bun-types": {
      "version": "1.1.8",
      "dev": true,
      "license": "MIT",
      "dependencies": {
        "@types/node": "~20.12.8",
        "@types/ws": "~8.5.10"
      }
    },
    "node_modules/effect": {
      "version": "3.2.3",
      "resolved": "https://registry.npmjs.org/effect/-/effect-3.2.3.tgz",
      "integrity": "sha512-tI0pzouV9BnZFHXNDoMCn9L76RFr23FMyzQ8syl+hxNtkn5aRdcQLeapv8acix+O4sQjQA4MpT8H3X9jfTs6hg=="
    },
    "node_modules/effect-http": {
      "version": "0.67.1",
      "resolved": "https://registry.npmjs.org/effect-http/-/effect-http-0.67.1.tgz",
      "integrity": "sha512-PU39IF0DWpedn6Mk8oPFgN5F07a04Pr+b3MVuABMwxVuu1axVTDOJKrbpfcxQP6M+1x+1V5Uo5OL5v58NdaJvA==",
      "dependencies": {
        "effect-http-error": "^0.1.1",
        "effect-http-security": "^0.1.1",
        "schema-openapi": "^0.38.2"
      },
      "peerDependencies": {
        "@effect/platform": "^0.53.0",
        "@effect/schema": "^0.67.0",
        "effect": "^3.2.0"
      }
    },
    "node_modules/effect-http-error": {
      "version": "0.1.1",
      "resolved": "https://registry.npmjs.org/effect-http-error/-/effect-http-error-0.1.1.tgz",
      "integrity": "sha512-PD4amkvNT9aBQDTDL9JOrSwSypO85Ogsad1g0voxPPJOY2j/tTr36r8L9WsvUPI5qeBhqIer1q2VQ9MaFd2asQ==",
      "peerDependencies": {
        "@effect/platform": "^0.53.0",
        "@effect/schema": "^0.67.0",
        "effect": "^3.2.0"
      }
    },
    "node_modules/effect-http-security": {
      "version": "0.1.1",
      "resolved": "https://registry.npmjs.org/effect-http-security/-/effect-http-security-0.1.1.tgz",
      "integrity": "sha512-SawleME4QcVrRc87dA216HJkaMtmZ/W3LXySdIYSBdHRGFFkSxCmxPYtsHV7UTjvlY+KUOD/n6Mj6PHP2JLuRw==",
      "peerDependencies": {
        "@effect/platform": "^0.53.0",
        "@effect/schema": "^0.67.0",
        "effect": "^3.2.0",
        "effect-http-error": "^0.1.1"
      }
    },
    "node_modules/fast-check": {
      "version": "3.18.0",
      "resolved": "https://registry.npmjs.org/fast-check/-/fast-check-3.18.0.tgz",
      "integrity": "sha512-/951xaT0kA40w0GXRsZXEwSTE7LugjZtSA/8vPgFkiPQ8wNp8tRvqWuNDHBgLxJYXtsK11e/7Q4ObkKW5BdTFQ==",
      "funding": [
        {
          "type": "individual",
          "url": "https://github.com/sponsors/dubzzz"
        },
        {
          "type": "opencollective",
          "url": "https://opencollective.com/fast-check"
        }
      ],
      "peer": true,
      "dependencies": {
        "pure-rand": "^6.1.0"
      },
      "engines": {
        "node": ">=8.0.0"
      }
    },
    "node_modules/fast-decode-uri-component": {
      "version": "1.0.1",
      "resolved": "https://registry.npmjs.org/fast-decode-uri-component/-/fast-decode-uri-component-1.0.1.tgz",
      "integrity": "sha512-WKgKWg5eUxvRZGwW8FvfbaH7AXSh2cL+3j5fMGzUMCxWBJ3dV3a7Wz8y2f/uQ0e3B6WmodD3oS54jTQ9HVTIIg==",
      "peer": true
    },
    "node_modules/fast-querystring": {
      "version": "1.1.2",
      "resolved": "https://registry.npmjs.org/fast-querystring/-/fast-querystring-1.1.2.tgz",
      "integrity": "sha512-g6KuKWmFXc0fID8WWH0jit4g0AGBoJhCkJMb1RmbsSEUNvQ+ZC8D6CUZ+GtF8nMzSPXnhiePyyqqipzNNEnHjg==",
      "peer": true,
      "dependencies": {
        "fast-decode-uri-component": "^1.0.1"
      }
    },
    "node_modules/find-my-way-ts": {
      "version": "0.1.2",
      "resolved": "https://registry.npmjs.org/find-my-way-ts/-/find-my-way-ts-0.1.2.tgz",
      "integrity": "sha512-AWsH49RGcyayzzxSAkwQKC1bToY5ForAfNreix88slo7wijg1wwTtCPvUUoVm/qhIY3UVSHBKApw8mOGPxsvSg==",
      "peer": true,
      "dependencies": {
        "fast-querystring": "^1.0.0"
      }
    },
    "node_modules/multipasta": {
      "version": "0.2.1",
      "resolved": "https://registry.npmjs.org/multipasta/-/multipasta-0.2.1.tgz",
      "integrity": "sha512-0NR15o5iewJFMsZ4jN6cztCd4izTLZPyHUfBrakbg/x70B8zplPE6qumbs+A7LmhGtQMzpN/K8MOOdifMgAKFA==",
      "peer": true
    },
    "node_modules/path-browserify": {
      "version": "1.0.1",
      "resolved": "https://registry.npmjs.org/path-browserify/-/path-browserify-1.0.1.tgz",
      "integrity": "sha512-b7uo2UCUOYZcnF/3ID0lulOJi/bafxa1xPe7ZPsammBSpjSWQkjNxlt635YGS2MiR9GjvuXCtz2emr3jbsz98g==",
      "peer": true
    },
    "node_modules/pure-rand": {
      "version": "6.1.0",
      "resolved": "https://registry.npmjs.org/pure-rand/-/pure-rand-6.1.0.tgz",
      "integrity": "sha512-bVWawvoZoBYpp6yIoQtQXHZjmz35RSVHnUOTefl8Vcjr8snTPY1wnpSPMWekcFwbxI6gtmT7rSYPFvz71ldiOA==",
      "funding": [
        {
          "type": "individual",
          "url": "https://github.com/sponsors/dubzzz"
        },
        {
          "type": "opencollective",
          "url": "https://opencollective.com/fast-check"
        }
      ],
      "peer": true
    },
    "node_modules/schema-openapi": {
      "version": "0.38.2",
      "resolved": "https://registry.npmjs.org/schema-openapi/-/schema-openapi-0.38.2.tgz",
      "integrity": "sha512-desbJOOzMHgEh22NqqKzNI7s0QNktZUSi78BSj/gNlSNvYeG2yLeC3M1wygMhX13a0Xueau62v2ffUG3b25luQ==",
      "peerDependencies": {
        "@effect/schema": "^0.67.0",
        "effect": "^3.2.0"
      }
    },
    "node_modules/typescript": {
      "version": "5.4.5",
      "license": "Apache-2.0",
      "peer": true,
      "bin": {
        "tsc": "bin/tsc",
        "tsserver": "bin/tsserver"
      },
      "engines": {
        "node": ">=14.17"
      }
    },
    "node_modules/undici-types": {
      "version": "5.26.5",
      "dev": true,
      "license": "MIT"
    }
  }
}
